
Microsoft Visual Studio Solution File, Format Version 12.00
# Visual Studio Version 17
VisualStudioVersion = 17.2.32602.215
MinimumVisualStudioVersion = 10.0.40219.1
Project("{FAE04EC0-301F-11D3-BF4B-00C04F79EFBC}") = "WorkPlanningService", "WorkPlanningService\WorkPlanningService.csproj", "{5239412B-696B-4FEC-AB8A-358384FAB1C1}"
EndProject
Project("{FAE04EC0-301F-11D3-BF4B-00C04F79EFBC}") = "WorkPlanningService.Infrastructure", "WorkPlanningServiceInfrastructure\WorkPlanningService.Infrastructure.csproj", "{B48B8A2A-B59C-4210-988C-DE910D327C22}"
EndProject
Project("{FAE04EC0-301F-11D3-BF4B-00C04F79EFBC}") = "WorkPLanningService.Domain", "WorkPLanningService.Domain\WorkPLanningService.Domain.csproj", "{0ABC06CC-0648-4E89-9167-D16E9B7D1BAC}"
EndProject
Global
	GlobalSection(SolutionConfigurationPlatforms) = preSolution
		Debug|Any CPU = Debug|Any CPU
		Release|Any CPU = Release|Any CPU
	EndGlobalSection
	GlobalSection(ProjectConfigurationPlatforms) = postSolution
		{5239412B-696B-4FEC-AB8A-358384FAB1C1}.Debug|Any CPU.ActiveCfg = Debug|Any CPU
		{5239412B-696B-4FEC-AB8A-358384FAB1C1}.Debug|Any CPU.Build.0 = Debug|Any CPU
		{5239412B-696B-4FEC-AB8A-358384FAB1C1}.Release|Any CPU.ActiveCfg = Release|Any CPU
		{5239412B-696B-4FEC-AB8A-358384FAB1C1}.Release|Any CPU.Build.0 = Release|Any CPU
		{B48B8A2A-B59C-4210-988C-DE910D327C22}.Debug|Any CPU.ActiveCfg = Debug|Any CPU
		{B48B8A2A-B59C-4210-988C-DE910D327C22}.Debug|Any CPU.Build.0 = Debug|Any CPU
		{B48B8A2A-B59C-4210-988C-DE910D327C22}.Release|Any CPU.ActiveCfg = Release|Any CPU
		{B48B8A2A-B59C-4210-988C-DE910D327C22}.Release|Any CPU.Build.0 = Release|Any CPU
		{0ABC06CC-0648-4E89-9167-D16E9B7D1BAC}.Debug|Any CPU.ActiveCfg = Debug|Any CPU
		{0ABC06CC-0648-4E89-9167-D16E9B7D1BAC}.Debug|Any CPU.Build.0 = Debug|Any CPU
		{0ABC06CC-0648-4E89-9167-D16E9B7D1BAC}.Release|Any CPU.ActiveCfg = Release|Any CPU
		{0ABC06CC-0648-4E89-9167-D16E9B7D1BAC}.Release|Any CPU.Build.0 = Release|Any CPU
	EndGlobalSection
	GlobalSection(SolutionProperties) = preSolution
		HideSolutionNode = FALSE
	EndGlobalSection
	GlobalSection(ExtensibilityGlobals) = postSolution
		SolutionGuid = {5CFCEA0B-B97E-4DEF-88D1-5D667AAEC032}
	EndGlobalSection
EndGlobal
